// !$*UTF8*$!
{
	archiveVersion = 1;
	classes = {
	};
	objectVersion = 77;
	objects = {

/* Begin PBXContainerItemProxy section */
		507AB31B2D733EC40072905A /* PBXContainerItemProxy */ = {
			isa = PBXContainerItemProxy;
			containerPortal = 507AB3022D733EC30072905A /* Project object */;
			proxyType = 1;
			remoteGlobalIDString = 507AB3092D733EC30072905A;
			remoteInfo = "Sudo Flix";
		};
		507AB3252D733EC40072905A /* PBXContainerItemProxy */ = {
			isa = PBXContainerItemProxy;
			containerPortal = 507AB3022D733EC30072905A /* Project object */;
			proxyType = 1;
			remoteGlobalIDString = 507AB3092D733EC30072905A;
			remoteInfo = "Sudo Flix";
		};
/* End PBXContainerItemProxy section */

/* Begin PBXFileReference section */
		507AB30A2D733EC30072905A /* Sudo Flix.app */ = {isa = PBXFileReference; explicitFileType = wrapper.application; includeInIndex = 0; path = "Sudo Flix.app"; sourceTree = BUILT_PRODUCTS_DIR; };
		507AB31A2D733EC40072905A /* Sudo FlixTests.xctest */ = {isa = PBXFileReference; explicitFileType = wrapper.cfbundle; includeInIndex = 0; path = "Sudo FlixTests.xctest"; sourceTree = BUILT_PRODUCTS_DIR; };
		507AB3242D733EC40072905A /* Sudo FlixUITests.xctest */ = {isa = PBXFileReference; explicitFileType = wrapper.cfbundle; includeInIndex = 0; path = "Sudo FlixUITests.xctest"; sourceTree = BUILT_PRODUCTS_DIR; };
/* End PBXFileReference section */

/* Begin PBXFileSystemSynchronizedRootGroup section */
		507AB30C2D733EC30072905A /* Sudo Flix */ = {
			isa = PBXFileSystemSynchronizedRootGroup;
			path = "Sudo Flix";
			sourceTree = "<group>";
		};
		507AB31D2D733EC40072905A /* Sudo FlixTests */ = {
			isa = PBXFileSystemSynchronizedRootGroup;
			path = "Sudo FlixTests";
			sourceTree = "<group>";
		};
		507AB3272D733EC40072905A /* Sudo FlixUITests */ = {
			isa = PBXFileSystemSynchronizedRootGroup;
			path = "Sudo FlixUITests";
			sourceTree = "<group>";
		};
/* End PBXFileSystemSynchronizedRootGroup section */

/* Begin PBXFrameworksBuildPhase section */
		507AB3072D733EC30072905A /* Frameworks */ = {
			isa = PBXFrameworksBuildPhase;
			buildActionMask = 2147483647;
			files = (
			);
			runOnlyForDeploymentPostprocessing = 0;
		};
		507AB3172D733EC40072905A /* Frameworks */ = {
			isa = PBXFrameworksBuildPhase;
			buildActionMask = 2147483647;
			files = (
			);
			runOnlyForDeploymentPostprocessing = 0;
		};
		507AB3212D733EC40072905A /* Frameworks */ = {
			isa = PBXFrameworksBuildPhase;
			buildActionMask = 2147483647;
			files = (
			);
			runOnlyForDeploymentPostprocessing = 0;
		};
/* End PBXFrameworksBuildPhase section */

/* Begin PBXGroup section */
		507AB3012D733EC30072905A = {
			isa = PBXGroup;
			children = (
				507AB30C2D733EC30072905A /* Sudo Flix */,
				507AB31D2D733EC40072905A /* Sudo FlixTests */,
				507AB3272D733EC40072905A /* Sudo FlixUITests */,
				507AB30B2D733EC30072905A /* Products */,
			);
			sourceTree = "<group>";
		};
		507AB30B2D733EC30072905A /* Products */ = {
			isa = PBXGroup;
			children = (
				507AB30A2D733EC30072905A /* Sudo Flix.app */,
				507AB31A2D733EC40072905A /* Sudo FlixTests.xctest */,
				507AB3242D733EC40072905A /* Sudo FlixUITests.xctest */,
			);
			name = Products;
			sourceTree = "<group>";
		};
/* End PBXGroup section */

/* Begin PBXNativeTarget section */
		507AB3092D733EC30072905A /* Sudo Flix */ = {
			isa = PBXNativeTarget;
			buildConfigurationList = 507AB32E2D733EC40072905A /* Build configuration list for PBXNativeTarget "Sudo Flix" */;
			buildPhases = (
				507AB3062D733EC30072905A /* Sources */,
				507AB3072D733EC30072905A /* Frameworks */,
				507AB3082D733EC30072905A /* Resources */,
			);
			buildRules = (
			);
			dependencies = (
			);
			fileSystemSynchronizedGroups = (
				507AB30C2D733EC30072905A /* Sudo Flix */,
			);
			name = "Sudo Flix";
			packageProductDependencies = (
			);
			productName = "Sudo Flix";
			productReference = 507AB30A2D733EC30072905A /* Sudo Flix.app */;
			productType = "com.apple.product-type.application";
		};
		507AB3192D733EC40072905A /* Sudo FlixTests */ = {
			isa = PBXNativeTarget;
			buildConfigurationList = 507AB3312D733EC40072905A /* Build configuration list for PBXNativeTarget "Sudo FlixTests" */;
			buildPhases = (
				507AB3162D733EC40072905A /* Sources */,
				507AB3172D733EC40072905A /* Frameworks */,
				507AB3182D733EC40072905A /* Resources */,
			);
			buildRules = (
			);
			dependencies = (
				507AB31C2D733EC40072905A /* PBXTargetDependency */,
			);
			fileSystemSynchronizedGroups = (
				507AB31D2D733EC40072905A /* Sudo FlixTests */,
			);
			name = "Sudo FlixTests";
			packageProductDependencies = (
			);
			productName = "Sudo FlixTests";
			productReference = 507AB31A2D733EC40072905A /* Sudo FlixTests.xctest */;
			productType = "com.apple.product-type.bundle.unit-test";
		};
		507AB3232D733EC40072905A /* Sudo FlixUITests */ = {
			isa = PBXNativeTarget;
			buildConfigurationList = 507AB3342D733EC40072905A /* Build configuration list for PBXNativeTarget "Sudo FlixUITests" */;
			buildPhases = (
				507AB3202D733EC40072905A /* Sources */,
				507AB3212D733EC40072905A /* Frameworks */,
				507AB3222D733EC40072905A /* Resources */,
			);
			buildRules = (
			);
			dependencies = (
				507AB3262D733EC40072905A /* PBXTargetDependency */,
			);
			fileSystemSynchronizedGroups = (
				507AB3272D733EC40072905A /* Sudo FlixUITests */,
			);
			name = "Sudo FlixUITests";
			packageProductDependencies = (
			);
			productName = "Sudo FlixUITests";
			productReference = 507AB3242D733EC40072905A /* Sudo FlixUITests.xctest */;
			productType = "com.apple.product-type.bundle.ui-testing";
		};
/* End PBXNativeTarget section */

/* Begin PBXProject section */
		507AB3022D733EC30072905A /* Project object */ = {
			isa = PBXProject;
			attributes = {
				BuildIndependentTargetsInParallel = 1;
				LastSwiftUpdateCheck = 1620;
				LastUpgradeCheck = 1620;
				TargetAttributes = {
					507AB3092D733EC30072905A = {
						CreatedOnToolsVersion = 16.2;
					};
					507AB3192D733EC40072905A = {
						CreatedOnToolsVersion = 16.2;
						TestTargetID = 507AB3092D733EC30072905A;
					};
					507AB3232D733EC40072905A = {
						CreatedOnToolsVersion = 16.2;
						TestTargetID = 507AB3092D733EC30072905A;
					};
				};
			};
			buildConfigurationList = 507AB3052D733EC30072905A /* Build configuration list for PBXProject "Sudo Flix" */;
			developmentRegion = en;
			hasScannedForEncodings = 0;
			knownRegions = (
				en,
				Base,
			);
			mainGroup = 507AB3012D733EC30072905A;
			minimizedProjectReferenceProxies = 1;
			preferredProjectObjectVersion = 77;
			productRefGroup = 507AB30B2D733EC30072905A /* Products */;
			projectDirPath = "";
			projectRoot = "";
			targets = (
				507AB3092D733EC30072905A /* Sudo Flix */,
				507AB3192D733EC40072905A /* Sudo FlixTests */,
				507AB3232D733EC40072905A /* Sudo FlixUITests */,
			);
		};
/* End PBXProject section */

/* Begin PBXResourcesBuildPhase section */
		507AB3082D733EC30072905A /* Resources */ = {
			isa = PBXResourcesBuildPhase;
			buildActionMask = 2147483647;
			files = (
			);
			runOnlyForDeploymentPostprocessing = 0;
		};
		507AB3182D733EC40072905A /* Resources */ = {
			isa = PBXResourcesBuildPhase;
			buildActionMask = 2147483647;
			files = (
			);
			runOnlyForDeploymentPostprocessing = 0;
		};
		507AB3222D733EC40072905A /* Resources */ = {
			isa = PBXResourcesBuildPhase;
			buildActionMask = 2147483647;
			files = (
			);
			runOnlyForDeploymentPostprocessing = 0;
		};
/* End PBXResourcesBuildPhase section */

/* Begin PBXSourcesBuildPhase section */
		507AB3062D733EC30072905A /* Sources */ = {
			isa = PBXSourcesBuildPhase;
			buildActionMask = 2147483647;
			files = (
			);
			runOnlyForDeploymentPostprocessing = 0;
		};
		507AB3162D733EC40072905A /* Sources */ = {
			isa = PBXSourcesBuildPhase;
			buildActionMask = 2147483647;
			files = (
			);
			runOnlyForDeploymentPostprocessing = 0;
		};
		507AB3202D733EC40072905A /* Sources */ = {
			isa = PBXSourcesBuildPhase;
			buildActionMask = 2147483647;
			files = (
			);
			runOnlyForDeploymentPostprocessing = 0;
		};
/* End PBXSourcesBuildPhase section */

/* Begin PBXTargetDependency section */
		507AB31C2D733EC40072905A /* PBXTargetDependency */ = {
			isa = PBXTargetDependency;
			target = 507AB3092D733EC30072905A /* Sudo Flix */;
			targetProxy = 507AB31B2D733EC40072905A /* PBXContainerItemProxy */;
		};
		507AB3262D733EC40072905A /* PBXTargetDependency */ = {
			isa = PBXTargetDependency;
			target = 507AB3092D733EC30072905A /* Sudo Flix */;
			targetProxy = 507AB3252D733EC40072905A /* PBXContainerItemProxy */;
		};
/* End PBXTargetDependency section */

/* Begin XCBuildConfiguration section */
		507AB32C2D733EC40072905A /* Debug */ = {
			isa = XCBuildConfiguration;
			buildSettings = {
				ALWAYS_SEARCH_USER_PATHS = NO;
				ASSETCATALOG_COMPILER_GENERATE_SWIFT_ASSET_SYMBOL_EXTENSIONS = YES;
				CLANG_ANALYZER_NONNULL = YES;
				CLANG_ANALYZER_NUMBER_OBJECT_CONVERSION = YES_AGGRESSIVE;
				CLANG_CXX_LANGUAGE_STANDARD = "gnu++20";
				CLANG_ENABLE_MODULES = YES;
				CLANG_ENABLE_OBJC_ARC = YES;
				CLANG_ENABLE_OBJC_WEAK = YES;
				CLANG_WARN_BLOCK_CAPTURE_AUTORELEASING = YES;
				CLANG_WARN_BOOL_CONVERSION = YES;
				CLANG_WARN_COMMA = YES;
				CLANG_WARN_CONSTANT_CONVERSION = YES;
				CLANG_WARN_DEPRECATED_OBJC_IMPLEMENTATIONS = YES;
				CLANG_WARN_DIRECT_OBJC_ISA_USAGE = YES_ERROR;
				CLANG_WARN_DOCUMENTATION_COMMENTS = YES;
				CLANG_WARN_EMPTY_BODY = YES;
				CLANG_WARN_ENUM_CONVERSION = YES;
				CLANG_WARN_INFINITE_RECURSION = YES;
				CLANG_WARN_INT_CONVERSION = YES;
				CLANG_WARN_NON_LITERAL_NULL_CONVERSION = YES;
				CLANG_WARN_OBJC_IMPLICIT_RETAIN_SELF = YES;
				CLANG_WARN_OBJC_LITERAL_CONVERSION = YES;
				CLANG_WARN_OBJC_ROOT_CLASS = YES_ERROR;
				CLANG_WARN_QUOTED_INCLUDE_IN_FRAMEWORK_HEADER = YES;
				CLANG_WARN_RANGE_LOOP_ANALYSIS = YES;
				CLANG_WARN_STRICT_PROTOTYPES = YES;
				CLANG_WARN_SUSPICIOUS_MOVE = YES;
				CLANG_WARN_UNGUARDED_AVAILABILITY = YES_AGGRESSIVE;
				CLANG_WARN_UNREACHABLE_CODE = YES;
				CLANG_WARN__DUPLICATE_METHOD_MATCH = YES;
				COPY_PHASE_STRIP = NO;
				DEBUG_INFORMATION_FORMAT = dwarf;
				ENABLE_STRICT_OBJC_MSGSEND = YES;
				ENABLE_TESTABILITY = YES;
				ENABLE_USER_SCRIPT_SANDBOXING = YES;
				GCC_C_LANGUAGE_STANDARD = gnu17;
				GCC_DYNAMIC_NO_PIC = NO;
				GCC_NO_COMMON_BLOCKS = YES;
				GCC_OPTIMIZATION_LEVEL = 0;
				GCC_PREPROCESSOR_DEFINITIONS = (
					"DEBUG=1",
					"$(inherited)",
				);
				GCC_WARN_64_TO_32_BIT_CONVERSION = YES;
				GCC_WARN_ABOUT_RETURN_TYPE = YES_ERROR;
				GCC_WARN_UNDECLARED_SELECTOR = YES;
				GCC_WARN_UNINITIALIZED_AUTOS = YES_AGGRESSIVE;
				GCC_WARN_UNUSED_FUNCTION = YES;
				GCC_WARN_UNUSED_VARIABLE = YES;
				IPHONEOS_DEPLOYMENT_TARGET = 18.2;
				LOCALIZATION_PREFERS_STRING_CATALOGS = YES;
				MTL_ENABLE_DEBUG_INFO = INCLUDE_SOURCE;
				MTL_FAST_MATH = YES;
				ONLY_ACTIVE_ARCH = YES;
				SDKROOT = iphoneos;
				SWIFT_ACTIVE_COMPILATION_CONDITIONS = "DEBUG $(inherited)";
				SWIFT_OPTIMIZATION_LEVEL = "-Onone";
			};
			name = Debug;
		};
		507AB32D2D733EC40072905A /* Release */ = {
			isa = XCBuildConfiguration;
			buildSettings = {
				ALWAYS_SEARCH_USER_PATHS = NO;
				ASSETCATALOG_COMPILER_GENERATE_SWIFT_ASSET_SYMBOL_EXTENSIONS = YES;
				CLANG_ANALYZER_NONNULL = YES;
				CLANG_ANALYZER_NUMBER_OBJECT_CONVERSION = YES_AGGRESSIVE;
				CLANG_CXX_LANGUAGE_STANDARD = "gnu++20";
				CLANG_ENABLE_MODULES = YES;
				CLANG_ENABLE_OBJC_ARC = YES;
				CLANG_ENABLE_OBJC_WEAK = YES;
				CLANG_WARN_BLOCK_CAPTURE_AUTORELEASING = YES;
				CLANG_WARN_BOOL_CONVERSION = YES;
				CLANG_WARN_COMMA = YES;
				CLANG_WARN_CONSTANT_CONVERSION = YES;
				CLANG_WARN_DEPRECATED_OBJC_IMPLEMENTATIONS = YES;
				CLANG_WARN_DIRECT_OBJC_ISA_USAGE = YES_ERROR;
				CLANG_WARN_DOCUMENTATION_COMMENTS = YES;
				CLANG_WARN_EMPTY_BODY = YES;
				CLANG_WARN_ENUM_CONVERSION = YES;
				CLANG_WARN_INFINITE_RECURSION = YES;
				CLANG_WARN_INT_CONVERSION = YES;
				CLANG_WARN_NON_LITERAL_NULL_CONVERSION = YES;
				CLANG_WARN_OBJC_IMPLICIT_RETAIN_SELF = YES;
				CLANG_WARN_OBJC_LITERAL_CONVERSION = YES;
				CLANG_WARN_OBJC_ROOT_CLASS = YES_ERROR;
				CLANG_WARN_QUOTED_INCLUDE_IN_FRAMEWORK_HEADER = YES;
				CLANG_WARN_RANGE_LOOP_ANALYSIS = YES;
				CLANG_WARN_STRICT_PROTOTYPES = YES;
				CLANG_WARN_SUSPICIOUS_MOVE = YES;
				CLANG_WARN_UNGUARDED_AVAILABILITY = YES_AGGRESSIVE;
				CLANG_WARN_UNREACHABLE_CODE = YES;
				CLANG_WARN__DUPLICATE_METHOD_MATCH = YES;
				COPY_PHASE_STRIP = NO;
				DEBUG_INFORMATION_FORMAT = "dwarf-with-dsym";
				ENABLE_NS_ASSERTIONS = NO;
				ENABLE_STRICT_OBJC_MSGSEND = YES;
				ENABLE_USER_SCRIPT_SANDBOXING = YES;
				GCC_C_LANGUAGE_STANDARD = gnu17;
				GCC_NO_COMMON_BLOCKS = YES;
				GCC_WARN_64_TO_32_BIT_CONVERSION = YES;
				GCC_WARN_ABOUT_RETURN_TYPE = YES_ERROR;
				GCC_WARN_UNDECLARED_SELECTOR = YES;
				GCC_WARN_UNINITIALIZED_AUTOS = YES_AGGRESSIVE;
				GCC_WARN_UNUSED_FUNCTION = YES;
				GCC_WARN_UNUSED_VARIABLE = YES;
				IPHONEOS_DEPLOYMENT_TARGET = 18.2;
				LOCALIZATION_PREFERS_STRING_CATALOGS = YES;
				MTL_ENABLE_DEBUG_INFO = NO;
				MTL_FAST_MATH = YES;
				SDKROOT = iphoneos;
				SWIFT_COMPILATION_MODE = wholemodule;
				VALIDATE_PRODUCT = YES;
			};
			name = Release;
		};
		507AB32F2D733EC40072905A /* Debug */ = {
			isa = XCBuildConfiguration;
			buildSettings = {
				ASSETCATALOG_COMPILER_APPICON_NAME = AppIcon;
				ASSETCATALOG_COMPILER_GLOBAL_ACCENT_COLOR_NAME = AccentColor;
				ASSETCATALOG_COMPILER_INCLUDE_ALL_APPICON_ASSETS = NO;
				CODE_SIGN_STYLE = Automatic;
				CURRENT_PROJECT_VERSION = 1;
				DEVELOPMENT_ASSET_PATHS = "\"Sudo Flix/Preview Content\"";
				DEVELOPMENT_TEAM = VKA5FT8S26;
				ENABLE_PREVIEWS = YES;
				GENERATE_INFOPLIST_FILE = YES;
				INFOPLIST_KEY_LSApplicationCategoryType = "public.app-category.entertainment";
				INFOPLIST_KEY_UIApplicationSceneManifest_Generation = YES;
				INFOPLIST_KEY_UIApplicationSupportsIndirectInputEvents = YES;
				INFOPLIST_KEY_UILaunchScreen_Generation = YES;
				INFOPLIST_KEY_UISupportedInterfaceOrientations_iPad = "UIInterfaceOrientationPortrait UIInterfaceOrientationPortraitUpsideDown UIInterfaceOrientationLandscapeLeft UIInterfaceOrientationLandscapeRight";
				INFOPLIST_KEY_UISupportedInterfaceOrientations_iPhone = "UIInterfaceOrientationPortrait UIInterfaceOrientationLandscapeLeft UIInterfaceOrientationLandscapeRight";
				IPHONEOS_DEPLOYMENT_TARGET = 17.0;
				LD_RUNPATH_SEARCH_PATHS = (
					"$(inherited)",
					"@executable_path/Frameworks",
				);
				MARKETING_VERSION = 1.0;
				PRODUCT_BUNDLE_IDENTIFIER = "net.mjdawson.Sudo-Flix";
				PRODUCT_NAME = "$(TARGET_NAME)";
				SWIFT_EMIT_LOC_STRINGS = YES;
				SWIFT_VERSION = 5.0;
				TARGETED_DEVICE_FAMILY = "1,2";
			};
			name = Debug;
		};
		507AB3302D733EC40072905A /* Release */ = {
			isa = XCBuildConfiguration;
			buildSettings = {
				ASSETCATALOG_COMPILER_APPICON_NAME = AppIcon;
				ASSETCATALOG_COMPILER_GLOBAL_ACCENT_COLOR_NAME = AccentColor;
				ASSETCATALOG_COMPILER_INCLUDE_ALL_APPICON_ASSETS = NO;
				CODE_SIGN_STYLE = Automatic;
				CURRENT_PROJECT_VERSION = 1;
				DEVELOPMENT_ASSET_PATHS = "\"Sudo Flix/Preview Content\"";
				DEVELOPMENT_TEAM = VKA5FT8S26;
				ENABLE_PREVIEWS = YES;
				GENERATE_INFOPLIST_FILE = YES;
				INFOPLIST_KEY_LSApplicationCategoryType = "public.app-category.entertainment";
				INFOPLIST_KEY_UIApplicationSceneManifest_Generation = YES;
				INFOPLIST_KEY_UIApplicationSupportsIndirectInputEvents = YES;
				INFOPLIST_KEY_UILaunchScreen_Generation = YES;
				INFOPLIST_KEY_UISupportedInterfaceOrientations_iPad = "UIInterfaceOrientationPortrait UIInterfaceOrientationPortraitUpsideDown UIInterfaceOrientationLandscapeLeft UIInterfaceOrientationLandscapeRight";
				INFOPLIST_KEY_UISupportedInterfaceOrientations_iPhone = "UIInterfaceOrientationPortrait UIInterfaceOrientationLandscapeLeft UIInterfaceOrientationLandscapeRight";
				IPHONEOS_DEPLOYMENT_TARGET = 17.0;
				LD_RUNPATH_SEARCH_PATHS = (
					"$(inherited)",
					"@executable_path/Frameworks",
				);
				MARKETING_VERSION = 1.0;
				PRODUCT_BUNDLE_IDENTIFIER = "net.mjdawson.Sudo-Flix";
				PRODUCT_NAME = "$(TARGET_NAME)";
				SWIFT_EMIT_LOC_STRINGS = YES;
				SWIFT_VERSION = 5.0;
				TARGETED_DEVICE_FAMILY = "1,2";
			};
			name = Release;
		};
		507AB3322D733EC40072905A /* Debug */ = {
			isa = XCBuildConfiguration;
			buildSettings = {
				BUNDLE_LOADER = "$(TEST_HOST)";
				CODE_SIGN_STYLE = Automatic;
				CURRENT_PROJECT_VERSION = 1;
				DEVELOPMENT_TEAM = VKA5FT8S26;
				GENERATE_INFOPLIST_FILE = YES;
				IPHONEOS_DEPLOYMENT_TARGET = 18.2;
				MARKETING_VERSION = 1.0;
				PRODUCT_BUNDLE_IDENTIFIER = "net.mjdawson.Sudo-FlixTests";
				PRODUCT_NAME = "$(TARGET_NAME)";
				SWIFT_EMIT_LOC_STRINGS = NO;
				SWIFT_VERSION = 5.0;
				TARGETED_DEVICE_FAMILY = "1,2";
				TEST_HOST = "$(BUILT_PRODUCTS_DIR)/Sudo Flix.app/$(BUNDLE_EXECUTABLE_FOLDER_PATH)/Sudo Flix";
			};
			name = Debug;
		};
		507AB3332D733EC40072905A /* Release */ = {
			isa = XCBuildConfiguration;
			buildSettings = {
				BUNDLE_LOADER = "$(TEST_HOST)";
				CODE_SIGN_STYLE = Automatic;
				CURRENT_PROJECT_VERSION = 1;
				DEVELOPMENT_TEAM = VKA5FT8S26;
				GENERATE_INFOPLIST_FILE = YES;
				IPHONEOS_DEPLOYMENT_TARGET = 18.2;
				MARKETING_VERSION = 1.0;
				PRODUCT_BUNDLE_IDENTIFIER = "net.mjdawson.Sudo-FlixTests";
				PRODUCT_NAME = "$(TARGET_NAME)";
				SWIFT_EMIT_LOC_STRINGS = NO;
				SWIFT_VERSION = 5.0;
				TARGETED_DEVICE_FAMILY = "1,2";
				TEST_HOST = "$(BUILT_PRODUCTS_DIR)/Sudo Flix.app/$(BUNDLE_EXECUTABLE_FOLDER_PATH)/Sudo Flix";
			};
			name = Release;
		};
		507AB3352D733EC40072905A /* Debug */ = {
			isa = XCBuildConfiguration;
			buildSettings = {
				CODE_SIGN_STYLE = Automatic;
				CURRENT_PROJECT_VERSION = 1;
				DEVELOPMENT_TEAM = VKA5FT8S26;
				GENERATE_INFOPLIST_FILE = YES;
				MARKETING_VERSION = 1.0;
				PRODUCT_BUNDLE_IDENTIFIER = "net.mjdawson.Sudo-FlixUITests";
				PRODUCT_NAME = "$(TARGET_NAME)";
				SWIFT_EMIT_LOC_STRINGS = NO;
				SWIFT_VERSION = 5.0;
				TARGETED_DEVICE_FAMILY = "1,2";
				TEST_TARGET_NAME = "Sudo Flix";
			};
			name = Debug;
		};
		507AB3362D733EC40072905A /* Release */ = {
			isa = XCBuildConfiguration;
			buildSettings = {
				CODE_SIGN_STYLE = Automatic;
				CURRENT_PROJECT_VERSION = 1;
				DEVELOPMENT_TEAM = VKA5FT8S26;
				GENERATE_INFOPLIST_FILE = YES;
				MARKETING_VERSION = 1.0;
				PRODUCT_BUNDLE_IDENTIFIER = "net.mjdawson.Sudo-FlixUITests";
				PRODUCT_NAME = "$(TARGET_NAME)";
				SWIFT_EMIT_LOC_STRINGS = NO;
				SWIFT_VERSION = 5.0;
				TARGETED_DEVICE_FAMILY = "1,2";
				TEST_TARGET_NAME = "Sudo Flix";
			};
			name = Release;
		};
/* End XCBuildConfiguration section */

/* Begin XCConfigurationList section */
		507AB3052D733EC30072905A /* Build configuration list for PBXProject "Sudo Flix" */ = {
			isa = XCConfigurationList;
			buildConfigurations = (
				507AB32C2D733EC40072905A /* Debug */,
				507AB32D2D733EC40072905A /* Release */,
			);
			defaultConfigurationIsVisible = 0;
			defaultConfigurationName = Release;
		};
		507AB32E2D733EC40072905A /* Build configuration list for PBXNativeTarget "Sudo Flix" */ = {
			isa = XCConfigurationList;
			buildConfigurations = (
				507AB32F2D733EC40072905A /* Debug */,
				507AB3302D733EC40072905A /* Release */,
			);
			defaultConfigurationIsVisible = 0;
			defaultConfigurationName = Release;
		};
		507AB3312D733EC40072905A /* Build configuration list for PBXNativeTarget "Sudo FlixTests" */ = {
			isa = XCConfigurationList;
			buildConfigurations = (
				507AB3322D733EC40072905A /* Debug */,
				507AB3332D733EC40072905A /* Release */,
			);
			defaultConfigurationIsVisible = 0;
			defaultConfigurationName = Release;
		};
		507AB3342D733EC40072905A /* Build configuration list for PBXNativeTarget "Sudo FlixUITests" */ = {
			isa = XCConfigurationList;
			buildConfigurations = (
				507AB3352D733EC40072905A /* Debug */,
				507AB3362D733EC40072905A /* Release */,
			);
			defaultConfigurationIsVisible = 0;
			defaultConfigurationName = Release;
		};
/* End XCConfigurationList section */
	};
	rootObject = 507AB3022D733EC30072905A /* Project object */;
}
